// !$*UTF8*$!
{
	archiveVersion = 1;
	classes = {
	};
	objectVersion = 77;
	objects = {

/* Begin PBXContainerItemProxy section */
		1CE048A82D1717DD00136555 /* PBXContainerItemProxy */ = {
			isa = PBXContainerItemProxy;
			containerPortal = 1CE048892D1717DA00136555 /* Project object */;
			proxyType = 1;
			remoteGlobalIDString = 1CE048902D1717DA00136555;
			remoteInfo = ImageView_ex01;
		};
		1CE048B22D1717DD00136555 /* PBXContainerItemProxy */ = {
			isa = PBXContainerItemProxy;
			containerPortal = 1CE048892D1717DA00136555 /* Project object */;
			proxyType = 1;
			remoteGlobalIDString = 1CE048902D1717DA00136555;
			remoteInfo = ImageView_ex01;
		};
/* End PBXContainerItemProxy section */

/* Begin PBXFileReference section */
		1CE048912D1717DA00136555 /* ImageView_ex01.app */ = {isa = PBXFileReference; explicitFileType = wrapper.application; includeInIndex = 0; path = ImageView_ex01.app; sourceTree = BUILT_PRODUCTS_DIR; };
		1CE048A72D1717DD00136555 /* ImageView_ex01Tests.xctest */ = {isa = PBXFileReference; explicitFileType = wrapper.cfbundle; includeInIndex = 0; path = ImageView_ex01Tests.xctest; sourceTree = BUILT_PRODUCTS_DIR; };
		1CE048B12D1717DD00136555 /* ImageView_ex01UITests.xctest */ = {isa = PBXFileReference; explicitFileType = wrapper.cfbundle; includeInIndex = 0; path = ImageView_ex01UITests.xctest; sourceTree = BUILT_PRODUCTS_DIR; };
/* End PBXFileReference section */

/* Begin PBXFileSystemSynchronizedBuildFileExceptionSet section */
		1CE048B92D1717DD00136555 /* Exceptions for "ImageView_ex01" folder in "ImageView_ex01" target */ = {
			isa = PBXFileSystemSynchronizedBuildFileExceptionSet;
			membershipExceptions = (
				Info.plist,
			);
			target = 1CE048902D1717DA00136555 /* ImageView_ex01 */;
		};
/* End PBXFileSystemSynchronizedBuildFileExceptionSet section */

/* Begin PBXFileSystemSynchronizedRootGroup section */
		1CE048932D1717DA00136555 /* ImageView_ex01 */ = {
			isa = PBXFileSystemSynchronizedRootGroup;
			exceptions = (
				1CE048B92D1717DD00136555 /* Exceptions for "ImageView_ex01" folder in "ImageView_ex01" target */,
			);
			path = ImageView_ex01;
			sourceTree = "<group>";
		};
		1CE048AA2D1717DD00136555 /* ImageView_ex01Tests */ = {
			isa = PBXFileSystemSynchronizedRootGroup;
			path = ImageView_ex01Tests;
			sourceTree = "<group>";
		};
		1CE048B42D1717DD00136555 /* ImageView_ex01UITests */ = {
			isa = PBXFileSystemSynchronizedRootGroup;
			path = ImageView_ex01UITests;
			sourceTree = "<group>";
		};
/* End PBXFileSystemSynchronizedRootGroup section */

/* Begin PBXFrameworksBuildPhase section */
		1CE0488E2D1717DA00136555 /* Frameworks */ = {
			isa = PBXFrameworksBuildPhase;
			buildActionMask = 2147483647;
			files = (
			);
			runOnlyForDeploymentPostprocessing = 0;
		};
		1CE048A42D1717DD00136555 /* Frameworks */ = {
			isa = PBXFrameworksBuildPhase;
			buildActionMask = 2147483647;
			files = (
			);
			runOnlyForDeploymentPostprocessing = 0;
		};
		1CE048AE2D1717DD00136555 /* Frameworks */ = {
			isa = PBXFrameworksBuildPhase;
			buildActionMask = 2147483647;
			files = (
			);
			runOnlyForDeploymentPostprocessing = 0;
		};
/* End PBXFrameworksBuildPhase section */

/* Begin PBXGroup section */
		1CE048882D1717DA00136555 = {
			isa = PBXGroup;
			children = (
				1CE048932D1717DA00136555 /* ImageView_ex01 */,
				1CE048AA2D1717DD00136555 /* ImageView_ex01Tests */,
				1CE048B42D1717DD00136555 /* ImageView_ex01UITests */,
				1CE048922D1717DA00136555 /* Products */,
			);
			sourceTree = "<group>";
		};
		1CE048922D1717DA00136555 /* Products */ = {
			isa = PBXGroup;
			children = (
				1CE048912D1717DA00136555 /* ImageView_ex01.app */,
				1CE048A72D1717DD00136555 /* ImageView_ex01Tests.xctest */,
				1CE048B12D1717DD00136555 /* ImageView_ex01UITests.xctest */,
			);
			name = Products;
			sourceTree = "<group>";
		};
/* End PBXGroup section */

/* Begin PBXNativeTarget section */
		1CE048902D1717DA00136555 /* ImageView_ex01 */ = {
			isa = PBXNativeTarget;
			buildConfigurationList = 1CE048BA2D1717DD00136555 /* Build configuration list for PBXNativeTarget "ImageView_ex01" */;
			buildPhases = (
				1CE0488D2D1717DA00136555 /* Sources */,
				1CE0488E2D1717DA00136555 /* Frameworks */,
				1CE0488F2D1717DA00136555 /* Resources */,
			);
			buildRules = (
			);
			dependencies = (
			);
			fileSystemSynchronizedGroups = (
				1CE048932D1717DA00136555 /* ImageView_ex01 */,
			);
			name = ImageView_ex01;
			packageProductDependencies = (
			);
			productName = ImageView_ex01;
			productReference = 1CE048912D1717DA00136555 /* ImageView_ex01.app */;
			productType = "com.apple.product-type.application";
		};
		1CE048A62D1717DD00136555 /* ImageView_ex01Tests */ = {
			isa = PBXNativeTarget;
			buildConfigurationList = 1CE048BF2D1717DD00136555 /* Build configuration list for PBXNativeTarget "ImageView_ex01Tests" */;
			buildPhases = (
				1CE048A32D1717DD00136555 /* Sources */,
				1CE048A42D1717DD00136555 /* Frameworks */,
				1CE048A52D1717DD00136555 /* Resources */,
			);
			buildRules = (
			);
			dependencies = (
				1CE048A92D1717DD00136555 /* PBXTargetDependency */,
			);
			fileSystemSynchronizedGroups = (
				1CE048AA2D1717DD00136555 /* ImageView_ex01Tests */,
			);
			name = ImageView_ex01Tests;
			packageProductDependencies = (
			);
			productName = ImageView_ex01Tests;
			productReference = 1CE048A72D1717DD00136555 /* ImageView_ex01Tests.xctest */;
			productType = "com.apple.product-type.bundle.unit-test";
		};
		1CE048B02D1717DD00136555 /* ImageView_ex01UITests */ = {
			isa = PBXNativeTarget;
			buildConfigurationList = 1CE048C22D1717DD00136555 /* Build configuration list for PBXNativeTarget "ImageView_ex01UITests" */;
			buildPhases = (
				1CE048AD2D1717DD00136555 /* Sources */,
				1CE048AE2D1717DD00136555 /* Frameworks */,
				1CE048AF2D1717DD00136555 /* Resources */,
			);
			buildRules = (
			);
			dependencies = (
				1CE048B32D1717DD00136555 /* PBXTargetDependency */,
			);
			fileSystemSynchronizedGroups = (
				1CE048B42D1717DD00136555 /* ImageView_ex01UITests */,
			);
			name = ImageView_ex01UITests;
			packageProductDependencies = (
			);
			productName = ImageView_ex01UITests;
			productReference = 1CE048B12D1717DD00136555 /* ImageView_ex01UITests.xctest */;
			productType = "com.apple.product-type.bundle.ui-testing";
		};
/* End PBXNativeTarget section */

/* Begin PBXProject section */
		1CE048892D1717DA00136555 /* Project object */ = {
			isa = PBXProject;
			attributes = {
				BuildIndependentTargetsInParallel = 1;
				LastSwiftUpdateCheck = 1610;
				LastUpgradeCheck = 1610;
				TargetAttributes = {
					1CE048902D1717DA00136555 = {
						CreatedOnToolsVersion = 16.1;
					};
					1CE048A62D1717DD00136555 = {
						CreatedOnToolsVersion = 16.1;
						TestTargetID = 1CE048902D1717DA00136555;
					};
					1CE048B02D1717DD00136555 = {
						CreatedOnToolsVersion = 16.1;
						TestTargetID = 1CE048902D1717DA00136555;
					};
				};
			};
			buildConfigurationList = 1CE0488C2D1717DA00136555 /* Build configuration list for PBXProject "ImageView_ex01" */;
			developmentRegion = en;
			hasScannedForEncodings = 0;
			knownRegions = (
				en,
				Base,
			);
			mainGroup = 1CE048882D1717DA00136555;
			minimizedProjectReferenceProxies = 1;
			preferredProjectObjectVersion = 77;
			productRefGroup = 1CE048922D1717DA00136555 /* Products */;
			projectDirPath = "";
			projectRoot = "";
			targets = (
				1CE048902D1717DA00136555 /* ImageView_ex01 */,
				1CE048A62D1717DD00136555 /* ImageView_ex01Tests */,
				1CE048B02D1717DD00136555 /* ImageView_ex01UITests */,
			);
		};
/* End PBXProject section */

/* Begin PBXResourcesBuildPhase section */
		1CE0488F2D1717DA00136555 /* Resources */ = {
			isa = PBXResourcesBuildPhase;
			buildActionMask = 2147483647;
			files = (
			);
			runOnlyForDeploymentPostprocessing = 0;
		};
		1CE048A52D1717DD00136555 /* Resources */ = {
			isa = PBXResourcesBuildPhase;
			buildActionMask = 2147483647;
			files = (
			);
			runOnlyForDeploymentPostprocessing = 0;
		};
		1CE048AF2D1717DD00136555 /* Resources */ = {
			isa = PBXResourcesBuildPhase;
			buildActionMask = 2147483647;
			files = (
			);
			runOnlyForDeploymentPostprocessing = 0;
		};
/* End PBXResourcesBuildPhase section */

/* Begin PBXSourcesBuildPhase section */
		1CE0488D2D1717DA00136555 /* Sources */ = {
			isa = PBXSourcesBuildPhase;
			buildActionMask = 2147483647;
			files = (
			);
			runOnlyForDeploymentPostprocessing = 0;
		};
		1CE048A32D1717DD00136555 /* Sources */ = {
			isa = PBXSourcesBuildPhase;
			buildActionMask = 2147483647;
			files = (
			);
			runOnlyForDeploymentPostprocessing = 0;
		};
		1CE048AD2D1717DD00136555 /* Sources */ = {
			isa = PBXSourcesBuildPhase;
			buildActionMask = 2147483647;
			files = (
			);
			runOnlyForDeploymentPostprocessing = 0;
		};
/* End PBXSourcesBuildPhase section */

/* Begin PBXTargetDependency section */
		1CE048A92D1717DD00136555 /* PBXTargetDependency */ = {
			isa = PBXTargetDependency;
			target = 1CE048902D1717DA00136555 /* ImageView_ex01 */;
			targetProxy = 1CE048A82D1717DD00136555 /* PBXContainerItemProxy */;
		};
		1CE048B32D1717DD00136555 /* PBXTargetDependency */ = {
			isa = PBXTargetDependency;
			target = 1CE048902D1717DA00136555 /* ImageView_ex01 */;
			targetProxy = 1CE048B22D1717DD00136555 /* PBXContainerItemProxy */;
		};
/* End PBXTargetDependency section */

/* Begin XCBuildConfiguration section */
		1CE048BB2D1717DD00136555 /* Debug */ = {
			isa = XCBuildConfiguration;
			buildSettings = {
				ASSETCATALOG_COMPILER_APPICON_NAME = AppIcon;
				ASSETCATALOG_COMPILER_GLOBAL_ACCENT_COLOR_NAME = AccentColor;
				CODE_SIGN_STYLE = Automatic;
				CURRENT_PROJECT_VERSION = 1;
				DEVELOPMENT_TEAM = 6HV9S3V4RF;
				GENERATE_INFOPLIST_FILE = YES;
				INFOPLIST_FILE = ImageView_ex01/Info.plist;
				INFOPLIST_KEY_UIApplicationSupportsIndirectInputEvents = YES;
				INFOPLIST_KEY_UILaunchStoryboardName = LaunchScreen;
				INFOPLIST_KEY_UIMainStoryboardFile = Main;
				INFOPLIST_KEY_UISupportedInterfaceOrientations_iPad = "UIInterfaceOrientationPortrait UIInterfaceOrientationPortraitUpsideDown UIInterfaceOrientationLandscapeLeft UIInterfaceOrientationLandscapeRight";
				INFOPLIST_KEY_UISupportedInterfaceOrientations_iPhone = "UIInterfaceOrientationPortrait UIInterfaceOrientationLandscapeLeft UIInterfaceOrientationLandscapeRight";
				LD_RUNPATH_SEARCH_PATHS = (
					"$(inherited)",
					"@executable_path/Frameworks",
				);
				MARKETING_VERSION = 1.0;
				PRODUCT_BUNDLE_IDENTIFIER = "test3.ImageView-ex01";
				PRODUCT_NAME = "$(TARGET_NAME)";
				SWIFT_EMIT_LOC_STRINGS = YES;
				SWIFT_VERSION = 5.0;
				TARGETED_DEVICE_FAMILY = "1,2";
			};
			name = Debug;
		};
		1CE048BC2D1717DD00136555 /* Release */ = {
			isa = XCBuildConfiguration;
			buildSettings = {
				ASSETCATALOG_COMPILER_APPICON_NAME = AppIcon;
				ASSETCATALOG_COMPILER_GLOBAL_ACCENT_COLOR_NAME = AccentColor;
				CODE_SIGN_STYLE = Automatic;
				CURRENT_PROJECT_VERSION = 1;
				DEVELOPMENT_TEAM = 6HV9S3V4RF;
				GENERATE_INFOPLIST_FILE = YES;
				INFOPLIST_FILE = ImageView_ex01/Info.plist;
				INFOPLIST_KEY_UIApplicationSupportsIndirectInputEvents = YES;
				INFOPLIST_KEY_UILaunchStoryboardName = LaunchScreen;
				INFOPLIST_KEY_UIMainStoryboardFile = Main;
				INFOPLIST_KEY_UISupportedInterfaceOrientations_iPad = "UIInterfaceOrientationPortrait UIInterfaceOrientationPortraitUpsideDown UIInterfaceOrientationLandscapeLeft UIInterfaceOrientationLandscapeRight";
				INFOPLIST_KEY_UISupportedInterfaceOrientations_iPhone = "UIInterfaceOrientationPortrait UIInterfaceOrientationLandscapeLeft UIInterfaceOrientationLandscapeRight";
				LD_RUNPATH_SEARCH_PATHS = (
					"$(inherited)",
					"@executable_path/Frameworks",
				);
				MARKETING_VERSION = 1.0;
				PRODUCT_BUNDLE_IDENTIFIER = "test3.ImageView-ex01";
				PRODUCT_NAME = "$(TARGET_NAME)";
				SWIFT_EMIT_LOC_STRINGS = YES;
				SWIFT_VERSION = 5.0;
				TARGETED_DEVICE_FAMILY = "1,2";
			};
			name = Release;
		};
		1CE048BD2D1717DD00136555 /* Debug */ = {
			isa = XCBuildConfiguration;
			buildSettings = {
				ALWAYS_SEARCH_USER_PATHS = NO;
				ASSETCATALOG_COMPILER_GENERATE_SWIFT_ASSET_SYMBOL_EXTENSIONS = YES;
				CLANG_ANALYZER_NONNULL = YES;
				CLANG_ANALYZER_NUMBER_OBJECT_CONVERSION = YES_AGGRESSIVE;
				CLANG_CXX_LANGUAGE_STANDARD = "gnu++20";
				CLANG_ENABLE_MODULES = YES;
				CLANG_ENABLE_OBJC_ARC = YES;
				CLANG_ENABLE_OBJC_WEAK = YES;
				CLANG_WARN_BLOCK_CAPTURE_AUTORELEASING = YES;
				CLANG_WARN_BOOL_CONVERSION = YES;
				CLANG_WARN_COMMA = YES;
				CLANG_WARN_CONSTANT_CONVERSION = YES;
				CLANG_WARN_DEPRECATED_OBJC_IMPLEMENTATIONS = YES;
				CLANG_WARN_DIRECT_OBJC_ISA_USAGE = YES_ERROR;
				CLANG_WARN_DOCUMENTATION_COMMENTS = YES;
				CLANG_WARN_EMPTY_BODY = YES;
				CLANG_WARN_ENUM_CONVERSION = YES;
				CLANG_WARN_INFINITE_RECURSION = YES;
				CLANG_WARN_INT_CONVERSION = YES;
				CLANG_WARN_NON_LITERAL_NULL_CONVERSION = YES;
				CLANG_WARN_OBJC_IMPLICIT_RETAIN_SELF = YES;
				CLANG_WARN_OBJC_LITERAL_CONVERSION = YES;
				CLANG_WARN_OBJC_ROOT_CLASS = YES_ERROR;
				CLANG_WARN_QUOTED_INCLUDE_IN_FRAMEWORK_HEADER = YES;
				CLANG_WARN_RANGE_LOOP_ANALYSIS = YES;
				CLANG_WARN_STRICT_PROTOTYPES = YES;
				CLANG_WARN_SUSPICIOUS_MOVE = YES;
				CLANG_WARN_UNGUARDED_AVAILABILITY = YES_AGGRESSIVE;
				CLANG_WARN_UNREACHABLE_CODE = YES;
				CLANG_WARN__DUPLICATE_METHOD_MATCH = YES;
				COPY_PHASE_STRIP = NO;
				DEBUG_INFORMATION_FORMAT = dwarf;
				ENABLE_STRICT_OBJC_MSGSEND = YES;
				ENABLE_TESTABILITY = YES;
				ENABLE_USER_SCRIPT_SANDBOXING = YES;
				GCC_C_LANGUAGE_STANDARD = gnu17;
				GCC_DYNAMIC_NO_PIC = NO;
				GCC_NO_COMMON_BLOCKS = YES;
				GCC_OPTIMIZATION_LEVEL = 0;
				GCC_PREPROCESSOR_DEFINITIONS = (
					"DEBUG=1",
					"$(inherited)",
				);
				GCC_WARN_64_TO_32_BIT_CONVERSION = YES;
				GCC_WARN_ABOUT_RETURN_TYPE = YES_ERROR;
				GCC_WARN_UNDECLARED_SELECTOR = YES;
				GCC_WARN_UNINITIALIZED_AUTOS = YES_AGGRESSIVE;
				GCC_WARN_UNUSED_FUNCTION = YES;
				GCC_WARN_UNUSED_VARIABLE = YES;
				IPHONEOS_DEPLOYMENT_TARGET = 18.1;
				LOCALIZATION_PREFERS_STRING_CATALOGS = YES;
				MTL_ENABLE_DEBUG_INFO = INCLUDE_SOURCE;
				MTL_FAST_MATH = YES;
				ONLY_ACTIVE_ARCH = YES;
				SDKROOT = iphoneos;
				SWIFT_ACTIVE_COMPILATION_CONDITIONS = "DEBUG $(inherited)";
				SWIFT_OPTIMIZATION_LEVEL = "-Onone";
			};
			name = Debug;
		};
		1CE048BE2D1717DD00136555 /* Release */ = {
			isa = XCBuildConfiguration;
			buildSettings = {
				ALWAYS_SEARCH_USER_PATHS = NO;
				ASSETCATALOG_COMPILER_GENERATE_SWIFT_ASSET_SYMBOL_EXTENSIONS = YES;
				CLANG_ANALYZER_NONNULL = YES;
				CLANG_ANALYZER_NUMBER_OBJECT_CONVERSION = YES_AGGRESSIVE;
				CLANG_CXX_LANGUAGE_STANDARD = "gnu++20";
				CLANG_ENABLE_MODULES = YES;
				CLANG_ENABLE_OBJC_ARC = YES;
				CLANG_ENABLE_OBJC_WEAK = YES;
				CLANG_WARN_BLOCK_CAPTURE_AUTORELEASING = YES;
				CLANG_WARN_BOOL_CONVERSION = YES;
				CLANG_WARN_COMMA = YES;
				CLANG_WARN_CONSTANT_CONVERSION = YES;
				CLANG_WARN_DEPRECATED_OBJC_IMPLEMENTATIONS = YES;
				CLANG_WARN_DIRECT_OBJC_ISA_USAGE = YES_ERROR;
				CLANG_WARN_DOCUMENTATION_COMMENTS = YES;
				CLANG_WARN_EMPTY_BODY = YES;
				CLANG_WARN_ENUM_CONVERSION = YES;
				CLANG_WARN_INFINITE_RECURSION = YES;
				CLANG_WARN_INT_CONVERSION = YES;
				CLANG_WARN_NON_LITERAL_NULL_CONVERSION = YES;
				CLANG_WARN_OBJC_IMPLICIT_RETAIN_SELF = YES;
				CLANG_WARN_OBJC_LITERAL_CONVERSION = YES;
				CLANG_WARN_OBJC_ROOT_CLASS = YES_ERROR;
				CLANG_WARN_QUOTED_INCLUDE_IN_FRAMEWORK_HEADER = YES;
				CLANG_WARN_RANGE_LOOP_ANALYSIS = YES;
				CLANG_WARN_STRICT_PROTOTYPES = YES;
				CLANG_WARN_SUSPICIOUS_MOVE = YES;
				CLANG_WARN_UNGUARDED_AVAILABILITY = YES_AGGRESSIVE;
				CLANG_WARN_UNREACHABLE_CODE = YES;
				CLANG_WARN__DUPLICATE_METHOD_MATCH = YES;
				COPY_PHASE_STRIP = NO;
				DEBUG_INFORMATION_FORMAT = "dwarf-with-dsym";
				ENABLE_NS_ASSERTIONS = NO;
				ENABLE_STRICT_OBJC_MSGSEND = YES;
				ENABLE_USER_SCRIPT_SANDBOXING = YES;
				GCC_C_LANGUAGE_STANDARD = gnu17;
				GCC_NO_COMMON_BLOCKS = YES;
				GCC_WARN_64_TO_32_BIT_CONVERSION = YES;
				GCC_WARN_ABOUT_RETURN_TYPE = YES_ERROR;
				GCC_WARN_UNDECLARED_SELECTOR = YES;
				GCC_WARN_UNINITIALIZED_AUTOS = YES_AGGRESSIVE;
				GCC_WARN_UNUSED_FUNCTION = YES;
				GCC_WARN_UNUSED_VARIABLE = YES;
				IPHONEOS_DEPLOYMENT_TARGET = 18.1;
				LOCALIZATION_PREFERS_STRING_CATALOGS = YES;
				MTL_ENABLE_DEBUG_INFO = NO;
				MTL_FAST_MATH = YES;
				SDKROOT = iphoneos;
				SWIFT_COMPILATION_MODE = wholemodule;
				VALIDATE_PRODUCT = YES;
			};
			name = Release;
		};
		1CE048C02D1717DD00136555 /* Debug */ = {
			isa = XCBuildConfiguration;
			buildSettings = {
				BUNDLE_LOADER = "$(TEST_HOST)";
				CODE_SIGN_STYLE = Automatic;
				CURRENT_PROJECT_VERSION = 1;
				DEVELOPMENT_TEAM = 6HV9S3V4RF;
				GENERATE_INFOPLIST_FILE = YES;
				IPHONEOS_DEPLOYMENT_TARGET = 18.1;
				MARKETING_VERSION = 1.0;
				PRODUCT_BUNDLE_IDENTIFIER = "test3.ImageView-ex01Tests";
				PRODUCT_NAME = "$(TARGET_NAME)";
				SWIFT_EMIT_LOC_STRINGS = NO;
				SWIFT_VERSION = 5.0;
				TARGETED_DEVICE_FAMILY = "1,2";
				TEST_HOST = "$(BUILT_PRODUCTS_DIR)/ImageView_ex01.app/$(BUNDLE_EXECUTABLE_FOLDER_PATH)/ImageView_ex01";
			};
			name = Debug;
		};
		1CE048C12D1717DD00136555 /* Release */ = {
			isa = XCBuildConfiguration;
			buildSettings = {
				BUNDLE_LOADER = "$(TEST_HOST)";
				CODE_SIGN_STYLE = Automatic;
				CURRENT_PROJECT_VERSION = 1;
				DEVELOPMENT_TEAM = 6HV9S3V4RF;
				GENERATE_INFOPLIST_FILE = YES;
				IPHONEOS_DEPLOYMENT_TARGET = 18.1;
				MARKETING_VERSION = 1.0;
				PRODUCT_BUNDLE_IDENTIFIER = "test3.ImageView-ex01Tests";
				PRODUCT_NAME = "$(TARGET_NAME)";
				SWIFT_EMIT_LOC_STRINGS = NO;
				SWIFT_VERSION = 5.0;
				TARGETED_DEVICE_FAMILY = "1,2";
				TEST_HOST = "$(BUILT_PRODUCTS_DIR)/ImageView_ex01.app/$(BUNDLE_EXECUTABLE_FOLDER_PATH)/ImageView_ex01";
			};
			name = Release;
		};
		1CE048C32D1717DD00136555 /* Debug */ = {
			isa = XCBuildConfiguration;
			buildSettings = {
				CODE_SIGN_STYLE = Automatic;
				CURRENT_PROJECT_VERSION = 1;
				DEVELOPMENT_TEAM = 6HV9S3V4RF;
				GENERATE_INFOPLIST_FILE = YES;
				MARKETING_VERSION = 1.0;
				PRODUCT_BUNDLE_IDENTIFIER = "test3.ImageView-ex01UITests";
				PRODUCT_NAME = "$(TARGET_NAME)";
				SWIFT_EMIT_LOC_STRINGS = NO;
				SWIFT_VERSION = 5.0;
				TARGETED_DEVICE_FAMILY = "1,2";
				TEST_TARGET_NAME = ImageView_ex01;
			};
			name = Debug;
		};
		1CE048C42D1717DD00136555 /* Release */ = {
			isa = XCBuildConfiguration;
			buildSettings = {
				CODE_SIGN_STYLE = Automatic;
				CURRENT_PROJECT_VERSION = 1;
				DEVELOPMENT_TEAM = 6HV9S3V4RF;
				GENERATE_INFOPLIST_FILE = YES;
				MARKETING_VERSION = 1.0;
				PRODUCT_BUNDLE_IDENTIFIER = "test3.ImageView-ex01UITests";
				PRODUCT_NAME = "$(TARGET_NAME)";
				SWIFT_EMIT_LOC_STRINGS = NO;
				SWIFT_VERSION = 5.0;
				TARGETED_DEVICE_FAMILY = "1,2";
				TEST_TARGET_NAME = ImageView_ex01;
			};
			name = Release;
		};
/* End XCBuildConfiguration section */

/* Begin XCConfigurationList section */
		1CE0488C2D1717DA00136555 /* Build configuration list for PBXProject "ImageView_ex01" */ = {
			isa = XCConfigurationList;
			buildConfigurations = (
				1CE048BD2D1717DD00136555 /* Debug */,
				1CE048BE2D1717DD00136555 /* Release */,
			);
			defaultConfigurationIsVisible = 0;
			defaultConfigurationName = Release;
		};
		1CE048BA2D1717DD00136555 /* Build configuration list for PBXNativeTarget "ImageView_ex01" */ = {
			isa = XCConfigurationList;
			buildConfigurations = (
				1CE048BB2D1717DD00136555 /* Debug */,
				1CE048BC2D1717DD00136555 /* Release */,
			);
			defaultConfigurationIsVisible = 0;
			defaultConfigurationName = Release;
		};
		1CE048BF2D1717DD00136555 /* Build configuration list for PBXNativeTarget "ImageView_ex01Tests" */ = {
			isa = XCConfigurationList;
			buildConfigurations = (
				1CE048C02D1717DD00136555 /* Debug */,
				1CE048C12D1717DD00136555 /* Release */,
			);
			defaultConfigurationIsVisible = 0;
			defaultConfigurationName = Release;
		};
		1CE048C22D1717DD00136555 /* Build configuration list for PBXNativeTarget "ImageView_ex01UITests" */ = {
			isa = XCConfigurationList;
			buildConfigurations = (
				1CE048C32D1717DD00136555 /* Debug */,
				1CE048C42D1717DD00136555 /* Release */,
			);
			defaultConfigurationIsVisible = 0;
			defaultConfigurationName = Release;
		};
/* End XCConfigurationList section */
	};
	rootObject = 1CE048892D1717DA00136555 /* Project object */;
}
